
Microsoft Visual Studio Solution File, Format Version 12.00
# Visual Studio 14
VisualStudioVersion = 14.0.25420.1
MinimumVisualStudioVersion = 10.0.40219.1
Project("{FAE04EC0-301F-11D3-BF4B-00C04F79EFBC}") = "GTANetworkClient", "Client\GTANetworkClient.csproj", "{1BC495C9-DC44-478A-9E16-3FC482A8B850}"
EndProject
Project("{FAE04EC0-301F-11D3-BF4B-00C04F79EFBC}") = "GTANetworkServer", "Server\GTANetworkServer.csproj", "{559EE224-BF7B-49D8-9CEE-11E6BA71FE4E}"
EndProject
Project("{FAE04EC0-301F-11D3-BF4B-00C04F79EFBC}") = "GTANetworkShared", "MultiTheftAutoShared\GTANetworkShared.csproj", "{9A4E6062-2CC6-40A4-A2CD-A8EC6CCA2E8E}"
EndProject
Project("{FAE04EC0-301F-11D3-BF4B-00C04F79EFBC}") = "PlayGTANetwork", "PlayGTANetwork\PlayGTANetwork.csproj", "{46B260B6-37B5-4089-AD88-90BE463804E2}"
EndProject
Project("{FAE04EC0-301F-11D3-BF4B-00C04F79EFBC}") = "GTANSubprocess", "GTANSubprocess\GTANSubprocess.csproj", "{5602DD20-B327-487C-81AC-D2451FDC3B18}"
EndProject
Project("{FAE04EC0-301F-11D3-BF4B-00C04F79EFBC}") = "GTANMasterServer", "GTANMasterServer\GTANMasterServer.csproj", "{0221BCE6-5CFC-4316-8707-8AF74F76E7DC}"
EndProject
Project("{FAE04EC0-301F-11D3-BF4B-00C04F79EFBC}") = "CEFInjector", "CEFInjector\CEFInjector.csproj", "{887CA628-47A7-4253-8EC3-C25E36D646FE}"
EndProject
Project("{FAE04EC0-301F-11D3-BF4B-00C04F79EFBC}") = "Map2Resource", "Map2Resource\Map2Resource.csproj", "{10863F07-14E9-4F11-A247-49E376A38AC3}"
EndProject
Global
	GlobalSection(SolutionConfigurationPlatforms) = preSolution
		Debug|Any CPU = Debug|Any CPU
		Debug|x64 = Debug|x64
		Release|Any CPU = Release|Any CPU
		Release|x64 = Release|x64
	EndGlobalSection
	GlobalSection(ProjectConfigurationPlatforms) = postSolution
		{1BC495C9-DC44-478A-9E16-3FC482A8B850}.Debug|Any CPU.ActiveCfg = Debug|Any CPU
		{1BC495C9-DC44-478A-9E16-3FC482A8B850}.Debug|Any CPU.Build.0 = Debug|Any CPU
		{1BC495C9-DC44-478A-9E16-3FC482A8B850}.Debug|x64.ActiveCfg = Debug|x64
		{1BC495C9-DC44-478A-9E16-3FC482A8B850}.Debug|x64.Build.0 = Debug|x64
		{1BC495C9-DC44-478A-9E16-3FC482A8B850}.Release|Any CPU.ActiveCfg = Release|Any CPU
		{1BC495C9-DC44-478A-9E16-3FC482A8B850}.Release|Any CPU.Build.0 = Release|Any CPU
		{1BC495C9-DC44-478A-9E16-3FC482A8B850}.Release|x64.ActiveCfg = Release|x64
		{1BC495C9-DC44-478A-9E16-3FC482A8B850}.Release|x64.Build.0 = Release|x64
		{559EE224-BF7B-49D8-9CEE-11E6BA71FE4E}.Debug|Any CPU.ActiveCfg = Debug|Any CPU
		{559EE224-BF7B-49D8-9CEE-11E6BA71FE4E}.Debug|Any CPU.Build.0 = Debug|Any CPU
		{559EE224-BF7B-49D8-9CEE-11E6BA71FE4E}.Debug|x64.ActiveCfg = Debug|Any CPU
		{559EE224-BF7B-49D8-9CEE-11E6BA71FE4E}.Release|Any CPU.ActiveCfg = Release|Any CPU
		{559EE224-BF7B-49D8-9CEE-11E6BA71FE4E}.Release|Any CPU.Build.0 = Release|Any CPU
		{559EE224-BF7B-49D8-9CEE-11E6BA71FE4E}.Release|x64.ActiveCfg = Release|Any CPU
		{9A4E6062-2CC6-40A4-A2CD-A8EC6CCA2E8E}.Debug|Any CPU.ActiveCfg = Debug|Any CPU
		{9A4E6062-2CC6-40A4-A2CD-A8EC6CCA2E8E}.Debug|Any CPU.Build.0 = Debug|Any CPU
		{9A4E6062-2CC6-40A4-A2CD-A8EC6CCA2E8E}.Debug|x64.ActiveCfg = Debug|Any CPU
		{9A4E6062-2CC6-40A4-A2CD-A8EC6CCA2E8E}.Release|Any CPU.ActiveCfg = Release|Any CPU
		{9A4E6062-2CC6-40A4-A2CD-A8EC6CCA2E8E}.Release|Any CPU.Build.0 = Release|Any CPU
		{9A4E6062-2CC6-40A4-A2CD-A8EC6CCA2E8E}.Release|x64.ActiveCfg = Release|Any CPU
		{46B260B6-37B5-4089-AD88-90BE463804E2}.Debug|Any CPU.ActiveCfg = Debug|Any CPU
		{46B260B6-37B5-4089-AD88-90BE463804E2}.Debug|Any CPU.Build.0 = Debug|Any CPU
		{46B260B6-37B5-4089-AD88-90BE463804E2}.Debug|x64.ActiveCfg = Debug|Any CPU
		{46B260B6-37B5-4089-AD88-90BE463804E2}.Release|Any CPU.ActiveCfg = Release|Any CPU
		{46B260B6-37B5-4089-AD88-90BE463804E2}.Release|Any CPU.Build.0 = Release|Any CPU
		{46B260B6-37B5-4089-AD88-90BE463804E2}.Release|x64.ActiveCfg = Release|Any CPU
		{5602DD20-B327-487C-81AC-D2451FDC3B18}.Debug|Any CPU.ActiveCfg = Debug|Any CPU
		{5602DD20-B327-487C-81AC-D2451FDC3B18}.Debug|Any CPU.Build.0 = Debug|Any CPU
		{5602DD20-B327-487C-81AC-D2451FDC3B18}.Debug|x64.ActiveCfg = Debug|Any CPU
		{5602DD20-B327-487C-81AC-D2451FDC3B18}.Release|Any CPU.ActiveCfg = Release|Any CPU
		{5602DD20-B327-487C-81AC-D2451FDC3B18}.Release|Any CPU.Build.0 = Release|Any CPU
		{5602DD20-B327-487C-81AC-D2451FDC3B18}.Release|x64.ActiveCfg = Release|Any CPU
		{0221BCE6-5CFC-4316-8707-8AF74F76E7DC}.Debug|Any CPU.ActiveCfg = Debug|Any CPU
		{0221BCE6-5CFC-4316-8707-8AF74F76E7DC}.Debug|Any CPU.Build.0 = Debug|Any CPU
		{0221BCE6-5CFC-4316-8707-8AF74F76E7DC}.Debug|x64.ActiveCfg = Debug|Any CPU
		{0221BCE6-5CFC-4316-8707-8AF74F76E7DC}.Release|Any CPU.ActiveCfg = Release|Any CPU
		{0221BCE6-5CFC-4316-8707-8AF74F76E7DC}.Release|Any CPU.Build.0 = Release|Any CPU
		{0221BCE6-5CFC-4316-8707-8AF74F76E7DC}.Release|x64.ActiveCfg = Release|Any CPU
		{887CA628-47A7-4253-8EC3-C25E36D646FE}.Debug|Any CPU.ActiveCfg = Debug|Any CPU
		{887CA628-47A7-4253-8EC3-C25E36D646FE}.Debug|Any CPU.Build.0 = Debug|Any CPU
		{887CA628-47A7-4253-8EC3-C25E36D646FE}.Debug|x64.ActiveCfg = Debug|Any CPU
		{887CA628-47A7-4253-8EC3-C25E36D646FE}.Debug|x64.Build.0 = Debug|Any CPU
		{887CA628-47A7-4253-8EC3-C25E36D646FE}.Release|Any CPU.ActiveCfg = Release|Any CPU
		{887CA628-47A7-4253-8EC3-C25E36D646FE}.Release|Any CPU.Build.0 = Release|Any CPU
		{887CA628-47A7-4253-8EC3-C25E36D646FE}.Release|x64.ActiveCfg = Release|Any CPU
		{887CA628-47A7-4253-8EC3-C25E36D646FE}.Release|x64.Build.0 = Release|Any CPU
		{10863F07-14E9-4F11-A247-49E376A38AC3}.Debug|Any CPU.ActiveCfg = Debug|Any CPU
		{10863F07-14E9-4F11-A247-49E376A38AC3}.Debug|Any CPU.Build.0 = Debug|Any CPU
		{10863F07-14E9-4F11-A247-49E376A38AC3}.Debug|x64.ActiveCfg = Debug|Any CPU
		{10863F07-14E9-4F11-A247-49E376A38AC3}.Debug|x64.Build.0 = Debug|Any CPU
		{10863F07-14E9-4F11-A247-49E376A38AC3}.Release|Any CPU.ActiveCfg = Release|Any CPU
		{10863F07-14E9-4F11-A247-49E376A38AC3}.Release|Any CPU.Build.0 = Release|Any CPU
		{10863F07-14E9-4F11-A247-49E376A38AC3}.Release|x64.ActiveCfg = Release|Any CPU
		{10863F07-14E9-4F11-A247-49E376A38AC3}.Release|x64.Build.0 = Release|Any CPU
		{BFB7FE6D-2C0D-41D6-AC81-FE62094C486C}.Debug|Any CPU.ActiveCfg = Debug
		{BFB7FE6D-2C0D-41D6-AC81-FE62094C486C}.Debug|x64.ActiveCfg = Debug
		{BFB7FE6D-2C0D-41D6-AC81-FE62094C486C}.Release|Any CPU.ActiveCfg = Release
		{BFB7FE6D-2C0D-41D6-AC81-FE62094C486C}.Release|x64.ActiveCfg = Release
	EndGlobalSection
	GlobalSection(SolutionProperties) = preSolution
		HideSolutionNode = FALSE
	EndGlobalSection
EndGlobal
