<?xml version="1.0" encoding="utf-8"?>
<Project ToolsVersion="4.0" xmlns="http://schemas.microsoft.com/developer/msbuild/2003">
  <ItemGroup>
    <Filter Include="Source Files">
      <UniqueIdentifier>{4FC737F1-C7A5-4376-A066-2A32D752A2FF}</UniqueIdentifier>
      <Extensions>cpp;c;cc;cxx;def;odl;idl;hpj;bat;asm;asmx</Extensions>
    </Filter>
    <Filter Include="Resource Files">
      <UniqueIdentifier>{67DA6AB6-F800-4c08-8B7A-83BB121AAD01}</UniqueIdentifier>
      <Extensions>rc;ico;cur;bmp;dlg;rc2;rct;bin;rgs;gif;jpg;jpeg;jpe;resx;tiff;tif;png;wav;mfcribbon-ms</Extensions>
    </Filter>
    <Filter Include="Source Files\Utils">
      <UniqueIdentifier>{6862bf0d-b933-4d9a-8fce-b3d49a3717b2}</UniqueIdentifier>
    </Filter>
    <Filter Include="Source Files\CEF">
      <UniqueIdentifier>{78960cb7-d165-46fe-95e6-10795db43f7f}</UniqueIdentifier>
    </Filter>
    <Filter Include="Source Files\Javascript">
      <UniqueIdentifier>{8e29f96b-7df6-4924-a28d-e85d0b8dc531}</UniqueIdentifier>
    </Filter>
  </ItemGroup>
  <ItemGroup>
    <ClCompile Include="Main.cpp">
      <Filter>Source Files</Filter>
    </ClCompile>
    <ClCompile Include="CEF\CEFUI.cpp">
      <Filter>Source Files\CEF</Filter>
    </ClCompile>
    <ClCompile Include="CEF\CEFUIHandler.cpp">
      <Filter>Source Files\CEF</Filter>
    </ClCompile>
    <ClCompile Include="CEF\CEFResourceHandler.cpp">
      <Filter>Source Files\CEF</Filter>
    </ClCompile>
    <ClCompile Include="Utils\Utils.cpp">
      <Filter>Source Files\Utils</Filter>
    </ClCompile>
    <ClCompile Include="Utils\Hooking.cpp">
      <Filter>Source Files\Utils</Filter>
    </ClCompile>
    <ClCompile Include="CEF\CEFUIV8ExtensionHandler.cpp">
      <Filter>Source Files\CEF</Filter>
    </ClCompile>
    <ClCompile Include="Javascript\JavaScript.cpp">
      <Filter>Source Files\Javascript</Filter>
    </ClCompile>
    <ClCompile Include="Javascript\JSBridge.cpp">
      <Filter>Source Files\Javascript</Filter>
    </ClCompile>
    <ClCompile Include="CEF\CEFUIContextMenuHandler.cpp">
      <Filter>Source Files\CEF</Filter>
    </ClCompile>
    <ClCompile Include="API.cpp">
      <Filter>Source Files</Filter>
    </ClCompile>
  </ItemGroup>
  <ItemGroup>
    <ClInclude Include="Utils\Hooking.h">
      <Filter>Source Files\Utils</Filter>
    </ClInclude>
    <ClInclude Include="Utils\Utils.h">
      <Filter>Source Files\Utils</Filter>
    </ClInclude>
    <ClInclude Include="STDInclude.h">
      <Filter>Source Files</Filter>
    </ClInclude>
    <ClInclude Include="CEF\ExtendedUI.h">
      <Filter>Source Files\CEF</Filter>
    </ClInclude>
    <ClInclude Include="CEF\CEFUIV8ExtensionHandler.h">
      <Filter>Source Files\CEF</Filter>
    </ClInclude>
    <ClInclude Include="Javascript\JSBridge.h">
      <Filter>Source Files\Javascript</Filter>
    </ClInclude>
    <ClInclude Include="CEF\CEFUIContextMenuHandler.h">
      <Filter>Source Files\CEF</Filter>
    </ClInclude>
    <ClInclude Include="API.h">
      <Filter>Source Files</Filter>
    </ClInclude>
    <ClInclude Include="Javascript\JavaScript.h" />
    <ClInclude Include="APIClass.h" />
  </ItemGroup>
</Project>