<?xml version="1.0" encoding="utf-8"?>
<Project ToolsVersion="4.0" xmlns="http://schemas.microsoft.com/developer/msbuild/2003">
  <ItemGroup>
    <Filter Include="Source">
      <UniqueIdentifier>{0790f177-999c-4264-8e86-94d477996ad9}</UniqueIdentifier>
    </Filter>
    <Filter Include="Source\Utils">
      <UniqueIdentifier>{3c553c83-d0b2-4c73-99e2-459e0f96bf87}</UniqueIdentifier>
    </Filter>
    <Filter Include="Source\Texture">
      <UniqueIdentifier>{407c237b-fda4-4bed-b39b-194e6db372d8}</UniqueIdentifier>
    </Filter>
    <Filter Include="Source\Hooks">
      <UniqueIdentifier>{d7eb3cbf-1afe-4808-ba5c-72f0ddcff1d9}</UniqueIdentifier>
    </Filter>
    <Filter Include="Source\Interface">
      <UniqueIdentifier>{880ad168-5c73-491a-ad27-6d9f9383dee9}</UniqueIdentifier>
    </Filter>
  </ItemGroup>
  <ItemGroup>
    <ClCompile Include="Main.cpp">
      <Filter>Source</Filter>
    </ClCompile>
    <ClCompile Include="Utils\Utils.cpp">
      <Filter>Source\Utils</Filter>
    </ClCompile>
    <ClCompile Include="Utils\Hooking.cpp">
      <Filter>Source\Utils</Filter>
    </ClCompile>
    <ClCompile Include="Texture\ITexture2D11.cpp">
      <Filter>Source\Texture</Filter>
    </ClCompile>
    <ClCompile Include="Texture\ITexture2D9.cpp">
      <Filter>Source\Texture</Filter>
    </ClCompile>
    <ClCompile Include="Texture\ITexture2D10.cpp">
      <Filter>Source\Texture</Filter>
    </ClCompile>
    <ClCompile Include="Hooks\DXGI.cpp">
      <Filter>Source\Hooks</Filter>
    </ClCompile>
    <ClCompile Include="Hooks\DirectX9.cpp">
      <Filter>Source\Hooks</Filter>
    </ClCompile>
    <ClCompile Include="Utils\DummyWindow.cpp">
      <Filter>Source\Utils</Filter>
    </ClCompile>
    <ClCompile Include="Interface\IRenderer9.cpp">
      <Filter>Source\Interface</Filter>
    </ClCompile>
    <ClCompile Include="Interface\IRenderer10.cpp">
      <Filter>Source\Interface</Filter>
    </ClCompile>
    <ClCompile Include="Interface\IRenderer11.cpp">
      <Filter>Source\Interface</Filter>
    </ClCompile>
    <ClCompile Include="Interface\IRenderer.cpp">
      <Filter>Source\Interface</Filter>
    </ClCompile>
    <ClCompile Include="Interface\IInput.cpp">
      <Filter>Source\Interface</Filter>
    </ClCompile>
    <ClCompile Include="Hooks\OpenGL.cpp">
      <Filter>Source\Hooks</Filter>
    </ClCompile>
    <ClCompile Include="Interface\IRendererGL.cpp">
      <Filter>Source\Interface</Filter>
    </ClCompile>
    <ClCompile Include="Texture\ITexture2DGL.cpp">
      <Filter>Source\Texture</Filter>
    </ClCompile>
    <ClCompile Include="Texture\ITexture3D11.cpp">
      <Filter>Source\Texture</Filter>
    </ClCompile>
  </ItemGroup>
  <ItemGroup>
    <ClInclude Include="STDInclude.h">
      <Filter>Source</Filter>
    </ClInclude>
    <ClInclude Include="Utils\Hooking.h">
      <Filter>Source\Utils</Filter>
    </ClInclude>
    <ClInclude Include="Utils\Utils.h">
      <Filter>Source\Utils</Filter>
    </ClInclude>
    <ClInclude Include="Texture\ITexture2D10.h">
      <Filter>Source\Texture</Filter>
    </ClInclude>
    <ClInclude Include="Texture\ITexture2D11.h">
      <Filter>Source\Texture</Filter>
    </ClInclude>
    <ClInclude Include="Texture\ITexture2D9.h">
      <Filter>Source\Texture</Filter>
    </ClInclude>
    <ClInclude Include="Hooks\DXGI2.h">
      <Filter>Source\Hooks</Filter>
    </ClInclude>
    <ClInclude Include="Hooks\DirectX9.h">
      <Filter>Source\Hooks</Filter>
    </ClInclude>
    <ClInclude Include="Utils\DummyWindow.h">
      <Filter>Source\Utils</Filter>
    </ClInclude>
    <ClInclude Include="Interface\IRenderer9.h">
      <Filter>Source\Interface</Filter>
    </ClInclude>
    <ClInclude Include="Interface\IRenderer10.h">
      <Filter>Source\Interface</Filter>
    </ClInclude>
    <ClInclude Include="Interface\IRenderer11.h">
      <Filter>Source\Interface</Filter>
    </ClInclude>
    <ClInclude Include="..\..\Dependencies\include\AyriaInterface\ITexture2D.h">
      <Filter>Source\Texture</Filter>
    </ClInclude>
    <ClInclude Include="..\..\Dependencies\include\AyriaInterface\Main.h">
      <Filter>Source</Filter>
    </ClInclude>
    <ClInclude Include="..\..\Dependencies\include\AyriaInterface\IRenderer.h">
      <Filter>Source\Interface</Filter>
    </ClInclude>
    <ClInclude Include="..\..\Dependencies\include\AyriaInterface\IInput.h">
      <Filter>Source\Interface</Filter>
    </ClInclude>
    <ClInclude Include="Hooks\DirectXC.h">
      <Filter>Source\Hooks</Filter>
    </ClInclude>
    <ClInclude Include="Hooks\OpenGL.h">
      <Filter>Source\Hooks</Filter>
    </ClInclude>
    <ClInclude Include="Interface\IRendererGL.h">
      <Filter>Source\Interface</Filter>
    </ClInclude>
  </ItemGroup>
  <ItemGroup>
    <None Include="C:\Windows\Cursors\aero_arrow.cur">
      <Filter>Source</Filter>
    </None>
  </ItemGroup>
</Project>